{
	"name": "vldom",
	"version": "9.2.3",
	"lockfileVersion": 2,
	"requires": true,
	"packages": {
		"": {
			"name": "vldom",
			"version": "9.2.3",
			"license": "GPL-3.0-only",
			"dependencies": {
				"espree": "^9.3.2",
				"estraverse": "^5.3.0"
			},
			"bin": {
				"vldom": "bin/vldom.js"
			},
			"devDependencies": {
				"@types/node": "^17.0.35"
			}
		},
		"node_modules/@types/node": {
			"version": "17.0.35",
			"resolved": "https://registry.npmjs.org/@types/node/-/node-17.0.35.tgz",
			"integrity": "sha512-vu1SrqBjbbZ3J6vwY17jBs8Sr/BKA+/a/WtjRG+whKg1iuLFOosq872EXS0eXWILdO36DHQQeku/ZcL6hz2fpg==",
			"dev": true
		},
		"node_modules/acorn": {
			"version": "8.7.1",
			"resolved": "https://registry.npmjs.org/acorn/-/acorn-8.7.1.tgz",
			"integrity": "sha512-Xx54uLJQZ19lKygFXOWsscKUbsBZW0CPykPhVQdhIeIwrbPmJzqeASDInc8nKBnp/JT6igTs82qPXz069H8I/A==",
			"bin": {
				"acorn": "bin/acorn"
			},
			"engines": {
				"node": ">=0.4.0"
			}
		},
		"node_modules/acorn-jsx": {
			"version": "5.3.2",
			"resolved": "https://registry.npmjs.org/acorn-jsx/-/acorn-jsx-5.3.2.tgz",
			"integrity": "sha512-rq9s+JNhf0IChjtDXxllJ7g41oZk5SlXtp0LHwyA5cejwn7vKmKp4pPri6YEePv2PU65sAsegbXtIinmDFDXgQ==",
			"peerDependencies": {
				"acorn": "^6.0.0 || ^7.0.0 || ^8.0.0"
			}
		},
		"node_modules/eslint-visitor-keys": {
			"version": "3.3.0",
			"resolved": "https://registry.npmjs.org/eslint-visitor-keys/-/eslint-visitor-keys-3.3.0.tgz",
			"integrity": "sha512-mQ+suqKJVyeuwGYHAdjMFqjCyfl8+Ldnxuyp3ldiMBFKkvytrXUZWaiPCEav8qDHKty44bD+qV1IP4T+w+xXRA==",
			"engines": {
				"node": "^12.22.0 || ^14.17.0 || >=16.0.0"
			}
		},
		"node_modules/espree": {
			"version": "9.3.2",
			"resolved": "https://registry.npmjs.org/espree/-/espree-9.3.2.tgz",
			"integrity": "sha512-D211tC7ZwouTIuY5x9XnS0E9sWNChB7IYKX/Xp5eQj3nFXhqmiUDB9q27y76oFl8jTg3pXcQx/bpxMfs3CIZbA==",
			"dependencies": {
				"acorn": "^8.7.1",
				"acorn-jsx": "^5.3.2",
				"eslint-visitor-keys": "^3.3.0"
			},
			"engines": {
				"node": "^12.22.0 || ^14.17.0 || >=16.0.0"
			}
		},
		"node_modules/estraverse": {
			"version": "5.3.0",
			"resolved": "https://registry.npmjs.org/estraverse/-/estraverse-5.3.0.tgz",
			"integrity": "sha512-MMdARuVEQziNTeJD8DgMqmhwR11BRQ/cBP+pLtYdSTnf3MIO8fFeiINEbX36ZdNlfU/7A9f3gUw49B3oQsvwBA==",
			"engines": {
				"node": ">=4.0"
			}
		}
	},
	"dependencies": {
		"@types/node": {
			"version": "17.0.35",
			"resolved": "https://registry.npmjs.org/@types/node/-/node-17.0.35.tgz",
			"integrity": "sha512-vu1SrqBjbbZ3J6vwY17jBs8Sr/BKA+/a/WtjRG+whKg1iuLFOosq872EXS0eXWILdO36DHQQeku/ZcL6hz2fpg==",
			"dev": true
		},
		"acorn": {
			"version": "8.7.1",
			"resolved": "https://registry.npmjs.org/acorn/-/acorn-8.7.1.tgz",
			"integrity": "sha512-Xx54uLJQZ19lKygFXOWsscKUbsBZW0CPykPhVQdhIeIwrbPmJzqeASDInc8nKBnp/JT6igTs82qPXz069H8I/A=="
		},
		"acorn-jsx": {
			"version": "5.3.2",
			"resolved": "https://registry.npmjs.org/acorn-jsx/-/acorn-jsx-5.3.2.tgz",
			"integrity": "sha512-rq9s+JNhf0IChjtDXxllJ7g41oZk5SlXtp0LHwyA5cejwn7vKmKp4pPri6YEePv2PU65sAsegbXtIinmDFDXgQ==",
			"requires": {}
		},
		"eslint-visitor-keys": {
			"version": "3.3.0",
			"resolved": "https://registry.npmjs.org/eslint-visitor-keys/-/eslint-visitor-keys-3.3.0.tgz",
			"integrity": "sha512-mQ+suqKJVyeuwGYHAdjMFqjCyfl8+Ldnxuyp3ldiMBFKkvytrXUZWaiPCEav8qDHKty44bD+qV1IP4T+w+xXRA=="
		},
		"espree": {
			"version": "9.3.2",
			"resolved": "https://registry.npmjs.org/espree/-/espree-9.3.2.tgz",
			"integrity": "sha512-D211tC7ZwouTIuY5x9XnS0E9sWNChB7IYKX/Xp5eQj3nFXhqmiUDB9q27y76oFl8jTg3pXcQx/bpxMfs3CIZbA==",
			"requires": {
				"acorn": "^8.7.1",
				"acorn-jsx": "^5.3.2",
				"eslint-visitor-keys": "^3.3.0"
			}
		},
		"estraverse": {
			"version": "5.3.0",
			"resolved": "https://registry.npmjs.org/estraverse/-/estraverse-5.3.0.tgz",
			"integrity": "sha512-MMdARuVEQziNTeJD8DgMqmhwR11BRQ/cBP+pLtYdSTnf3MIO8fFeiINEbX36ZdNlfU/7A9f3gUw49B3oQsvwBA=="
		}
	}
}
